
Microsoft Visual Studio Solution File, Format Version 12.00
# Visual Studio Version 17
VisualStudioVersion = 17.4.33213.308
MinimumVisualStudioVersion = 10.0.40219.1
Project("{FAE04EC0-301F-11D3-BF4B-00C04F79EFBC}") = "1-den-1-milyona-kadar-sayiları-7-ye-bolme", "1-den-1-milyona-kadar-sayiları-7-ye-bolme.csproj", "{9FCA0F52-678E-47C1-866C-DA6CBEBA3E5A}"
EndProject
Global
	GlobalSection(SolutionConfigurationPlatforms) = preSolution
		Debug|Any CPU = Debug|Any CPU
		Release|Any CPU = Release|Any CPU
	EndGlobalSection
	GlobalSection(ProjectConfigurationPlatforms) = postSolution
		{9FCA0F52-678E-47C1-866C-DA6CBEBA3E5A}.Debug|Any CPU.ActiveCfg = Debug|Any CPU
		{9FCA0F52-678E-47C1-866C-DA6CBEBA3E5A}.Debug|Any CPU.Build.0 = Debug|Any CPU
		{9FCA0F52-678E-47C1-866C-DA6CBEBA3E5A}.Release|Any CPU.ActiveCfg = Release|Any CPU
		{9FCA0F52-678E-47C1-866C-DA6CBEBA3E5A}.Release|Any CPU.Build.0 = Release|Any CPU
	EndGlobalSection
	GlobalSection(SolutionProperties) = preSolution
		HideSolutionNode = FALSE
	EndGlobalSection
	GlobalSection(ExtensibilityGlobals) = postSolution
		SolutionGuid = {2F1D0DEE-2C7B-4F29-90A8-D5ED35F1A4F6}
	EndGlobalSection
EndGlobal
